// !$*UTF8*$!
{
	archiveVersion = 1;
	classes = {
	};
	objectVersion = 46;
	objects = {

/* Begin PBXBuildFile section */
		696C01F01F198D61009403B6 /* main.cpp in Sources */ = {isa = PBXBuildFile; fileRef = 696C01EE1F198D61009403B6 /* main.cpp */; };
		69D181AA1F2A68D1007D5C32 /* Population.cpp in Sources */ = {isa = PBXBuildFile; fileRef = 69D181A91F2A68D1007D5C32 /* Population.cpp */; };
		69D181AC1F2A69B4007D5C32 /* varmodel.cpp in Sources */ = {isa = PBXBuildFile; fileRef = 69D181AB1F2A69B4007D5C32 /* varmodel.cpp */; };
		69D181AF1F2AABED007D5C32 /* Host.cpp in Sources */ = {isa = PBXBuildFile; fileRef = 69D181AD1F2AABED007D5C32 /* Host.cpp */; };
		69D181B31F2AAC83007D5C32 /* libsqlite3.tbd in Frameworks */ = {isa = PBXBuildFile; fileRef = 69D181B21F2AAC83007D5C32 /* libsqlite3.tbd */; };
/* End PBXBuildFile section */

/* Begin PBXCopyFilesBuildPhase section */
		696C01DE1F198B7F009403B6 /* CopyFiles */ = {
			isa = PBXCopyFilesBuildPhase;
			buildActionMask = 2147483647;
			dstPath = /usr/share/man/man1/;
			dstSubfolderSpec = 0;
			files = (
			);
			runOnlyForDeploymentPostprocessing = 1;
		};
/* End PBXCopyFilesBuildPhase section */

/* Begin PBXFileReference section */
		696C01E01F198B7F009403B6 /* varmodel2 */ = {isa = PBXFileReference; explicitFileType = "compiled.mach-o.executable"; includeInIndex = 0; path = varmodel2; sourceTree = BUILT_PRODUCTS_DIR; };
		696C01EE1F198D61009403B6 /* main.cpp */ = {isa = PBXFileReference; fileEncoding = 4; lastKnownFileType = sourcecode.cpp.cpp; path = main.cpp; sourceTree = "<group>"; };
		696C01EF1F198D61009403B6 /* varmodel.hpp */ = {isa = PBXFileReference; fileEncoding = 4; lastKnownFileType = sourcecode.cpp.h; path = varmodel.hpp; sourceTree = "<group>"; };
		696C01F11F19922D009403B6 /* parameters.hpp.template */ = {isa = PBXFileReference; explicitFileType = sourcecode.cpp.h; path = parameters.hpp.template; sourceTree = "<group>"; };
		699ABDE31F2A613500FBC9BF /* parameters.hpp */ = {isa = PBXFileReference; lastKnownFileType = sourcecode.cpp.h; name = parameters.hpp; path = build/src/parameters.hpp; sourceTree = SOURCE_ROOT; };
		69D181A81F2A68C2007D5C32 /* Population.hpp */ = {isa = PBXFileReference; lastKnownFileType = sourcecode.cpp.h; path = Population.hpp; sourceTree = "<group>"; };
		69D181A91F2A68D1007D5C32 /* Population.cpp */ = {isa = PBXFileReference; fileEncoding = 4; lastKnownFileType = sourcecode.cpp.cpp; path = Population.cpp; sourceTree = "<group>"; };
		69D181AB1F2A69B4007D5C32 /* varmodel.cpp */ = {isa = PBXFileReference; fileEncoding = 4; lastKnownFileType = sourcecode.cpp.cpp; path = varmodel.cpp; sourceTree = "<group>"; };
		69D181AD1F2AABED007D5C32 /* Host.cpp */ = {isa = PBXFileReference; fileEncoding = 4; lastKnownFileType = sourcecode.cpp.cpp; path = Host.cpp; sourceTree = "<group>"; };
		69D181AE1F2AABED007D5C32 /* Host.hpp */ = {isa = PBXFileReference; fileEncoding = 4; lastKnownFileType = sourcecode.cpp.h; path = Host.hpp; sourceTree = "<group>"; };
		69D181B01F2AABFC007D5C32 /* VectorHashMap.hpp */ = {isa = PBXFileReference; lastKnownFileType = sourcecode.cpp.h; path = VectorHashMap.hpp; sourceTree = "<group>"; };
		69D181B21F2AAC83007D5C32 /* libsqlite3.tbd */ = {isa = PBXFileReference; lastKnownFileType = "sourcecode.text-based-dylib-definition"; name = libsqlite3.tbd; path = usr/lib/libsqlite3.tbd; sourceTree = SDKROOT; };
/* End PBXFileReference section */

/* Begin PBXFrameworksBuildPhase section */
		696C01DD1F198B7F009403B6 /* Frameworks */ = {
			isa = PBXFrameworksBuildPhase;
			buildActionMask = 2147483647;
			files = (
				69D181B31F2AAC83007D5C32 /* libsqlite3.tbd in Frameworks */,
			);
			runOnlyForDeploymentPostprocessing = 0;
		};
/* End PBXFrameworksBuildPhase section */

/* Begin PBXGroup section */
		696C01D71F198B7F009403B6 = {
			isa = PBXGroup;
			children = (
				696C01ED1F198D4B009403B6 /* src */,
				696C01E11F198B7F009403B6 /* Products */,
				69D181B11F2AAC83007D5C32 /* Frameworks */,
			);
			sourceTree = "<group>";
		};
		696C01E11F198B7F009403B6 /* Products */ = {
			isa = PBXGroup;
			children = (
				696C01E01F198B7F009403B6 /* varmodel2 */,
			);
			name = Products;
			sourceTree = "<group>";
		};
		696C01ED1F198D4B009403B6 /* src */ = {
			isa = PBXGroup;
			children = (
				696C01EE1F198D61009403B6 /* main.cpp */,
				696C01EF1F198D61009403B6 /* varmodel.hpp */,
				69D181AB1F2A69B4007D5C32 /* varmodel.cpp */,
				699ABDE31F2A613500FBC9BF /* parameters.hpp */,
				69D181B01F2AABFC007D5C32 /* VectorHashMap.hpp */,
				696C01F11F19922D009403B6 /* parameters.hpp.template */,
				69D181A71F2A68A9007D5C32 /* datamodels */,
			);
			path = src;
			sourceTree = "<group>";
		};
		69D181A71F2A68A9007D5C32 /* datamodels */ = {
			isa = PBXGroup;
			children = (
				69D181AE1F2AABED007D5C32 /* Host.hpp */,
				69D181AD1F2AABED007D5C32 /* Host.cpp */,
				69D181A81F2A68C2007D5C32 /* Population.hpp */,
				69D181A91F2A68D1007D5C32 /* Population.cpp */,
			);
			path = datamodels;
			sourceTree = "<group>";
		};
		69D181B11F2AAC83007D5C32 /* Frameworks */ = {
			isa = PBXGroup;
			children = (
				69D181B21F2AAC83007D5C32 /* libsqlite3.tbd */,
			);
			name = Frameworks;
			sourceTree = "<group>";
		};
/* End PBXGroup section */

/* Begin PBXNativeTarget section */
		696C01DF1F198B7F009403B6 /* varmodel2 */ = {
			isa = PBXNativeTarget;
			buildConfigurationList = 696C01E71F198B7F009403B6 /* Build configuration list for PBXNativeTarget "varmodel2" */;
			buildPhases = (
				696C01DC1F198B7F009403B6 /* Sources */,
				696C01DD1F198B7F009403B6 /* Frameworks */,
				696C01DE1F198B7F009403B6 /* CopyFiles */,
			);
			buildRules = (
			);
			dependencies = (
			);
			name = varmodel2;
			productName = varmodel;
			productReference = 696C01E01F198B7F009403B6 /* varmodel2 */;
			productType = "com.apple.product-type.tool";
		};
/* End PBXNativeTarget section */

/* Begin PBXProject section */
		696C01D81F198B7F009403B6 /* Project object */ = {
			isa = PBXProject;
			attributes = {
				LastUpgradeCheck = 0830;
				ORGANIZATIONNAME = "Pascual Group";
				TargetAttributes = {
					696C01DF1F198B7F009403B6 = {
						CreatedOnToolsVersion = 8.3.2;
						ProvisioningStyle = Automatic;
					};
				};
			};
			buildConfigurationList = 696C01DB1F198B7F009403B6 /* Build configuration list for PBXProject "varmodel2" */;
			compatibilityVersion = "Xcode 3.2";
			developmentRegion = English;
			hasScannedForEncodings = 0;
			knownRegions = (
				en,
			);
			mainGroup = 696C01D71F198B7F009403B6;
			productRefGroup = 696C01E11F198B7F009403B6 /* Products */;
			projectDirPath = "";
			projectRoot = "";
			targets = (
				696C01DF1F198B7F009403B6 /* varmodel2 */,
			);
		};
/* End PBXProject section */

/* Begin PBXSourcesBuildPhase section */
		696C01DC1F198B7F009403B6 /* Sources */ = {
			isa = PBXSourcesBuildPhase;
			buildActionMask = 2147483647;
			files = (
				69D181AA1F2A68D1007D5C32 /* Population.cpp in Sources */,
				696C01F01F198D61009403B6 /* main.cpp in Sources */,
				69D181AC1F2A69B4007D5C32 /* varmodel.cpp in Sources */,
				69D181AF1F2AABED007D5C32 /* Host.cpp in Sources */,
			);
			runOnlyForDeploymentPostprocessing = 0;
		};
/* End PBXSourcesBuildPhase section */

/* Begin XCBuildConfiguration section */
		696C01E51F198B7F009403B6 /* Debug */ = {
			isa = XCBuildConfiguration;
			buildSettings = {
				ALWAYS_SEARCH_USER_PATHS = NO;
				CLANG_ANALYZER_NONNULL = YES;
				CLANG_ANALYZER_NUMBER_OBJECT_CONVERSION = YES_AGGRESSIVE;
				CLANG_CXX_LANGUAGE_STANDARD = "gnu++0x";
				CLANG_CXX_LIBRARY = "libc++";
				CLANG_ENABLE_MODULES = YES;
				CLANG_ENABLE_OBJC_ARC = YES;
				CLANG_WARN_BOOL_CONVERSION = YES;
				CLANG_WARN_CONSTANT_CONVERSION = YES;
				CLANG_WARN_DIRECT_OBJC_ISA_USAGE = YES_ERROR;
				CLANG_WARN_DOCUMENTATION_COMMENTS = YES;
				CLANG_WARN_EMPTY_BODY = YES;
				CLANG_WARN_ENUM_CONVERSION = YES;
				CLANG_WARN_INFINITE_RECURSION = YES;
				CLANG_WARN_INT_CONVERSION = YES;
				CLANG_WARN_OBJC_ROOT_CLASS = YES_ERROR;
				CLANG_WARN_SUSPICIOUS_MOVE = YES;
				CLANG_WARN_UNREACHABLE_CODE = YES;
				CLANG_WARN__DUPLICATE_METHOD_MATCH = YES;
				CODE_SIGN_IDENTITY = "-";
				COPY_PHASE_STRIP = NO;
				DEBUG_INFORMATION_FORMAT = dwarf;
				ENABLE_STRICT_OBJC_MSGSEND = YES;
				ENABLE_TESTABILITY = YES;
				GCC_C_LANGUAGE_STANDARD = gnu99;
				GCC_DYNAMIC_NO_PIC = NO;
				GCC_NO_COMMON_BLOCKS = YES;
				GCC_OPTIMIZATION_LEVEL = 0;
				GCC_PREPROCESSOR_DEFINITIONS = (
					"DEBUG=1",
					"$(inherited)",
				);
				GCC_WARN_64_TO_32_BIT_CONVERSION = YES;
				GCC_WARN_ABOUT_RETURN_TYPE = YES_ERROR;
				GCC_WARN_UNDECLARED_SELECTOR = YES;
				GCC_WARN_UNINITIALIZED_AUTOS = YES_AGGRESSIVE;
				GCC_WARN_UNUSED_FUNCTION = YES;
				GCC_WARN_UNUSED_VARIABLE = YES;
				MACOSX_DEPLOYMENT_TARGET = 10.12;
				MTL_ENABLE_DEBUG_INFO = YES;
				ONLY_ACTIVE_ARCH = YES;
				SDKROOT = macosx;
			};
			name = Debug;
		};
		696C01E61F198B7F009403B6 /* Release */ = {
			isa = XCBuildConfiguration;
			buildSettings = {
				ALWAYS_SEARCH_USER_PATHS = NO;
				CLANG_ANALYZER_NONNULL = YES;
				CLANG_ANALYZER_NUMBER_OBJECT_CONVERSION = YES_AGGRESSIVE;
				CLANG_CXX_LANGUAGE_STANDARD = "gnu++0x";
				CLANG_CXX_LIBRARY = "libc++";
				CLANG_ENABLE_MODULES = YES;
				CLANG_ENABLE_OBJC_ARC = YES;
				CLANG_WARN_BOOL_CONVERSION = YES;
				CLANG_WARN_CONSTANT_CONVERSION = YES;
				CLANG_WARN_DIRECT_OBJC_ISA_USAGE = YES_ERROR;
				CLANG_WARN_DOCUMENTATION_COMMENTS = YES;
				CLANG_WARN_EMPTY_BODY = YES;
				CLANG_WARN_ENUM_CONVERSION = YES;
				CLANG_WARN_INFINITE_RECURSION = YES;
				CLANG_WARN_INT_CONVERSION = YES;
				CLANG_WARN_OBJC_ROOT_CLASS = YES_ERROR;
				CLANG_WARN_SUSPICIOUS_MOVE = YES;
				CLANG_WARN_UNREACHABLE_CODE = YES;
				CLANG_WARN__DUPLICATE_METHOD_MATCH = YES;
				CODE_SIGN_IDENTITY = "-";
				COPY_PHASE_STRIP = NO;
				DEBUG_INFORMATION_FORMAT = "dwarf-with-dsym";
				ENABLE_NS_ASSERTIONS = NO;
				ENABLE_STRICT_OBJC_MSGSEND = YES;
				GCC_C_LANGUAGE_STANDARD = gnu99;
				GCC_NO_COMMON_BLOCKS = YES;
				GCC_WARN_64_TO_32_BIT_CONVERSION = YES;
				GCC_WARN_ABOUT_RETURN_TYPE = YES_ERROR;
				GCC_WARN_UNDECLARED_SELECTOR = YES;
				GCC_WARN_UNINITIALIZED_AUTOS = YES_AGGRESSIVE;
				GCC_WARN_UNUSED_FUNCTION = YES;
				GCC_WARN_UNUSED_VARIABLE = YES;
				MACOSX_DEPLOYMENT_TARGET = 10.12;
				MTL_ENABLE_DEBUG_INFO = NO;
				SDKROOT = macosx;
			};
			name = Release;
		};
		696C01E81F198B7F009403B6 /* Debug */ = {
			isa = XCBuildConfiguration;
			buildSettings = {
				PRODUCT_NAME = "$(TARGET_NAME)";
			};
			name = Debug;
		};
		696C01E91F198B7F009403B6 /* Release */ = {
			isa = XCBuildConfiguration;
			buildSettings = {
				PRODUCT_NAME = "$(TARGET_NAME)";
			};
			name = Release;
		};
/* End XCBuildConfiguration section */

/* Begin XCConfigurationList section */
		696C01DB1F198B7F009403B6 /* Build configuration list for PBXProject "varmodel2" */ = {
			isa = XCConfigurationList;
			buildConfigurations = (
				696C01E51F198B7F009403B6 /* Debug */,
				696C01E61F198B7F009403B6 /* Release */,
			);
			defaultConfigurationIsVisible = 0;
			defaultConfigurationName = Release;
		};
		696C01E71F198B7F009403B6 /* Build configuration list for PBXNativeTarget "varmodel2" */ = {
			isa = XCConfigurationList;
			buildConfigurations = (
				696C01E81F198B7F009403B6 /* Debug */,
				696C01E91F198B7F009403B6 /* Release */,
			);
			defaultConfigurationIsVisible = 0;
			defaultConfigurationName = Release;
		};
/* End XCConfigurationList section */
	};
	rootObject = 696C01D81F198B7F009403B6 /* Project object */;
}
